
Microsoft Visual Studio Solution File, Format Version 12.00
Project("{FAE04EC0-301F-11D3-BF4B-00C04F79EFBC}") = "Calculator", "Calculator\Calculator.csproj", "{AA55BC10-133D-46E1-B82B-D82507849144}"
EndProject
Project("{FAE04EC0-301F-11D3-BF4B-00C04F79EFBC}") = "ClassLibrary1", "ClassLibrary1\ClassLibrary1.csproj", "{91AE5B0A-E4EC-4F76-9E31-C1FBDB072144}"
EndProject
Global
	GlobalSection(SolutionConfigurationPlatforms) = preSolution
		Debug|Any CPU = Debug|Any CPU
		Release|Any CPU = Release|Any CPU
	EndGlobalSection
	GlobalSection(ProjectConfigurationPlatforms) = postSolution
		{AA55BC10-133D-46E1-B82B-D82507849144}.Debug|Any CPU.ActiveCfg = Debug|Any CPU
		{AA55BC10-133D-46E1-B82B-D82507849144}.Debug|Any CPU.Build.0 = Debug|Any CPU
		{AA55BC10-133D-46E1-B82B-D82507849144}.Release|Any CPU.ActiveCfg = Release|Any CPU
		{AA55BC10-133D-46E1-B82B-D82507849144}.Release|Any CPU.Build.0 = Release|Any CPU
		{91AE5B0A-E4EC-4F76-9E31-C1FBDB072144}.Debug|Any CPU.ActiveCfg = Debug|Any CPU
		{91AE5B0A-E4EC-4F76-9E31-C1FBDB072144}.Debug|Any CPU.Build.0 = Debug|Any CPU
		{91AE5B0A-E4EC-4F76-9E31-C1FBDB072144}.Release|Any CPU.ActiveCfg = Release|Any CPU
		{91AE5B0A-E4EC-4F76-9E31-C1FBDB072144}.Release|Any CPU.Build.0 = Release|Any CPU
	EndGlobalSection
EndGlobal
